
Microsoft Visual Studio Solution File, Format Version 12.00
# Visual Studio Version 17
VisualStudioVersion = 17.2.32630.192
MinimumVisualStudioVersion = 10.0.40219.1
Project("{888888A0-9F3D-457C-B088-3A5042F75D52}") = "meow", "meow.pyproj", "{A46F4D3B-718C-4398-BDA2-CF3C630E4074}"
EndProject
Global
	GlobalSection(SolutionConfigurationPlatforms) = preSolution
		Debug|Any CPU = Debug|Any CPU
		Release|Any CPU = Release|Any CPU
	EndGlobalSection
	GlobalSection(ProjectConfigurationPlatforms) = postSolution
		{A46F4D3B-718C-4398-BDA2-CF3C630E4074}.Debug|Any CPU.ActiveCfg = Debug|Any CPU
		{A46F4D3B-718C-4398-BDA2-CF3C630E4074}.Release|Any CPU.ActiveCfg = Release|Any CPU
	EndGlobalSection
	GlobalSection(SolutionProperties) = preSolution
		HideSolutionNode = FALSE
	EndGlobalSection
	GlobalSection(ExtensibilityGlobals) = postSolution
		SolutionGuid = {70989B88-2E2A-4426-B9B9-6F4930A0DC0E}
	EndGlobalSection
EndGlobal
